
Microsoft Visual Studio Solution File, Format Version 12.00
# Visual Studio Version 17
VisualStudioVersion = 17.7.34202.233
MinimumVisualStudioVersion = 10.0.40219.1
Project("{2150E333-8FDC-42A3-9474-1A3956D46DE8}") = "Services", "Services", "{E4BFDCDE-6C22-4880-B3AF-8EDF18ACCC0C}"
EndProject
Project("{2150E333-8FDC-42A3-9474-1A3956D46DE8}") = "Catalog", "Catalog", "{1F7E218A-8FE6-4AB5-ACD5-8373766FB110}"
EndProject
Project("{9A19103F-16F7-4668-BE54-9A1E7A4F7556}") = "MultiShop.Catalog", "Services\Catalog\MultiShop.Catalog\MultiShop.Catalog.csproj", "{E623CCD6-9B60-4671-9461-16FDE58FFB13}"
EndProject
Project("{2150E333-8FDC-42A3-9474-1A3956D46DE8}") = "Discount", "Discount", "{71ABFB7A-C1F6-4797-8D7C-6449C622BBDD}"
EndProject
Project("{9A19103F-16F7-4668-BE54-9A1E7A4F7556}") = "MultiShop.Discount", "Services\Discount\MultiShop.Discount\MultiShop.Discount.csproj", "{105CB1EB-9750-4C78-A9A5-AD71AA620D7E}"
EndProject
Project("{2150E333-8FDC-42A3-9474-1A3956D46DE8}") = "Order", "Order", "{19DA05F0-35BF-4EDF-B7EA-285E78805732}"
EndProject
Project("{2150E333-8FDC-42A3-9474-1A3956D46DE8}") = "Core", "Core", "{EAC0E9F4-0721-402B-B67A-9CE4816DAA0E}"
EndProject
Project("{2150E333-8FDC-42A3-9474-1A3956D46DE8}") = "Infrastructure", "Infrastructure", "{E47BA5BB-88E9-4DE1-B723-289F48195310}"
EndProject
Project("{2150E333-8FDC-42A3-9474-1A3956D46DE8}") = "Presentation", "Presentation", "{7E9AD9C3-09C3-4848-9916-73D4994DA75D}"
EndProject
Project("{9A19103F-16F7-4668-BE54-9A1E7A4F7556}") = "MultiShop.Order.Domain", "Services\Order\Core\MultiShop.Order.Domain\MultiShop.Order.Domain.csproj", "{D3BF7870-1826-4CF9-A99F-AFAB31FF8778}"
EndProject
Project("{9A19103F-16F7-4668-BE54-9A1E7A4F7556}") = "MultiShop.Order.Application", "Services\Order\Core\MultiShop.Order.Application\MultiShop.Order.Application.csproj", "{3D4087EE-4E5D-43B4-A868-5118A85E6815}"
EndProject
Project("{9A19103F-16F7-4668-BE54-9A1E7A4F7556}") = "MultiShop.Order.Persistence", "Services\Order\Infrastructure\MultiShop.Order.Persistence\MultiShop.Order.Persistence.csproj", "{51FFAE12-4804-4E8E-B6C4-DE24C7085C70}"
EndProject
Project("{9A19103F-16F7-4668-BE54-9A1E7A4F7556}") = "MultiShop.Order.WebApi", "Services\Order\Presentation\MultiShop.Order.WebApi\MultiShop.Order.WebApi.csproj", "{4333BA1A-FC03-40E3-B7EE-E0BB98057B8A}"
EndProject
Project("{2150E333-8FDC-42A3-9474-1A3956D46DE8}") = "IdentityServer", "IdentityServer", "{CA0FC33F-A61C-441C-A6B5-D35A8BE0576A}"
EndProject
Project("{9A19103F-16F7-4668-BE54-9A1E7A4F7556}") = "MultiShop.IdentityServer", "IdentityServer\MultiShop.IdentityServer\MultiShop.IdentityServer.csproj", "{689AF5D9-3FB1-46F2-A831-8310A5A658F0}"
EndProject
Project("{2150E333-8FDC-42A3-9474-1A3956D46DE8}") = "Requirements", "Requirements", "{4F6F51DC-8574-44BF-A8B2-2EBF73B14591}"
	ProjectSection(SolutionItems) = preProject
		IdentityServerVersionErrorSolution.txt = IdentityServerVersionErrorSolution.txt
		PortainerCmd.txt = PortainerCmd.txt
		PortNumbers.txt = PortNumbers.txt
	EndProjectSection
EndProject
Project("{2150E333-8FDC-42A3-9474-1A3956D46DE8}") = "Cargo", "Cargo", "{FD822888-600E-46FF-AE71-61696CA38212}"
EndProject
Project("{9A19103F-16F7-4668-BE54-9A1E7A4F7556}") = "MultiShop.Cargo.EntityLayer", "Services\Cargo\MultiShop.Cargo.EntityLayer\MultiShop.Cargo.EntityLayer.csproj", "{69E29A76-F65D-43F4-8542-67A64B2BD6AA}"
EndProject
Project("{9A19103F-16F7-4668-BE54-9A1E7A4F7556}") = "MultiShop.Cargo.BusinessLayer", "Services\Cargo\MultiShop.Cargo.BusinessLayer\MultiShop.Cargo.BusinessLayer.csproj", "{4E0B10CD-1278-4607-AB13-AAC93A0C5499}"
EndProject
Project("{9A19103F-16F7-4668-BE54-9A1E7A4F7556}") = "MultiShop.Cargo.DataAccessLayer", "Services\Cargo\MultiShop.Cargo.DataAccessLayer\MultiShop.Cargo.DataAccessLayer.csproj", "{C6EC3484-B2AA-472C-8F26-12B262FA0378}"
EndProject
Project("{9A19103F-16F7-4668-BE54-9A1E7A4F7556}") = "MultiShop.Cargo.DtoLayer", "Services\Cargo\MultiShop.Cargo.DtoLayer\MultiShop.Cargo.DtoLayer.csproj", "{F4A055AF-5CB0-42A4-ACB4-3F410EA778CC}"
EndProject
Project("{9A19103F-16F7-4668-BE54-9A1E7A4F7556}") = "MultiShop.Cargo.WebApi", "Services\Cargo\MultiShop.Cargo.WebApi\MultiShop.Cargo.WebApi.csproj", "{D7F3FE33-9CC7-4D47-A2B4-267830925ED1}"
EndProject
Project("{2150E333-8FDC-42A3-9474-1A3956D46DE8}") = "Basket", "Basket", "{F708444D-8453-4B27-BA42-F16D471364F5}"
EndProject
Project("{9A19103F-16F7-4668-BE54-9A1E7A4F7556}") = "MultiShop.Basket", "Services\Basket\MultiShop.Basket\MultiShop.Basket.csproj", "{F7D1427C-2FAF-4B64-A495-3BB2900D04C3}"
EndProject
Project("{2150E333-8FDC-42A3-9474-1A3956D46DE8}") = "Frontends", "Frontends", "{09424367-A52A-4CF1-9190-ADBECDA7C824}"
EndProject
Project("{FAE04EC0-301F-11D3-BF4B-00C04F79EFBC}") = "MultiShop.WebUI", "Frontends\MultiShop.WebUI\MultiShop.WebUI.csproj", "{33BA056B-B937-4575-A524-B563DBAC5FC0}"
EndProject
Global
	GlobalSection(SolutionConfigurationPlatforms) = preSolution
		Debug|Any CPU = Debug|Any CPU
		Release|Any CPU = Release|Any CPU
	EndGlobalSection
	GlobalSection(ProjectConfigurationPlatforms) = postSolution
		{E623CCD6-9B60-4671-9461-16FDE58FFB13}.Debug|Any CPU.ActiveCfg = Debug|Any CPU
		{E623CCD6-9B60-4671-9461-16FDE58FFB13}.Debug|Any CPU.Build.0 = Debug|Any CPU
		{E623CCD6-9B60-4671-9461-16FDE58FFB13}.Release|Any CPU.ActiveCfg = Release|Any CPU
		{E623CCD6-9B60-4671-9461-16FDE58FFB13}.Release|Any CPU.Build.0 = Release|Any CPU
		{105CB1EB-9750-4C78-A9A5-AD71AA620D7E}.Debug|Any CPU.ActiveCfg = Debug|Any CPU
		{105CB1EB-9750-4C78-A9A5-AD71AA620D7E}.Debug|Any CPU.Build.0 = Debug|Any CPU
		{105CB1EB-9750-4C78-A9A5-AD71AA620D7E}.Release|Any CPU.ActiveCfg = Release|Any CPU
		{105CB1EB-9750-4C78-A9A5-AD71AA620D7E}.Release|Any CPU.Build.0 = Release|Any CPU
		{D3BF7870-1826-4CF9-A99F-AFAB31FF8778}.Debug|Any CPU.ActiveCfg = Debug|Any CPU
		{D3BF7870-1826-4CF9-A99F-AFAB31FF8778}.Debug|Any CPU.Build.0 = Debug|Any CPU
		{D3BF7870-1826-4CF9-A99F-AFAB31FF8778}.Release|Any CPU.ActiveCfg = Release|Any CPU
		{D3BF7870-1826-4CF9-A99F-AFAB31FF8778}.Release|Any CPU.Build.0 = Release|Any CPU
		{3D4087EE-4E5D-43B4-A868-5118A85E6815}.Debug|Any CPU.ActiveCfg = Debug|Any CPU
		{3D4087EE-4E5D-43B4-A868-5118A85E6815}.Debug|Any CPU.Build.0 = Debug|Any CPU
		{3D4087EE-4E5D-43B4-A868-5118A85E6815}.Release|Any CPU.ActiveCfg = Release|Any CPU
		{3D4087EE-4E5D-43B4-A868-5118A85E6815}.Release|Any CPU.Build.0 = Release|Any CPU
		{51FFAE12-4804-4E8E-B6C4-DE24C7085C70}.Debug|Any CPU.ActiveCfg = Debug|Any CPU
		{51FFAE12-4804-4E8E-B6C4-DE24C7085C70}.Debug|Any CPU.Build.0 = Debug|Any CPU
		{51FFAE12-4804-4E8E-B6C4-DE24C7085C70}.Release|Any CPU.ActiveCfg = Release|Any CPU
		{51FFAE12-4804-4E8E-B6C4-DE24C7085C70}.Release|Any CPU.Build.0 = Release|Any CPU
		{4333BA1A-FC03-40E3-B7EE-E0BB98057B8A}.Debug|Any CPU.ActiveCfg = Debug|Any CPU
		{4333BA1A-FC03-40E3-B7EE-E0BB98057B8A}.Debug|Any CPU.Build.0 = Debug|Any CPU
		{4333BA1A-FC03-40E3-B7EE-E0BB98057B8A}.Release|Any CPU.ActiveCfg = Release|Any CPU
		{4333BA1A-FC03-40E3-B7EE-E0BB98057B8A}.Release|Any CPU.Build.0 = Release|Any CPU
		{689AF5D9-3FB1-46F2-A831-8310A5A658F0}.Debug|Any CPU.ActiveCfg = Debug|Any CPU
		{689AF5D9-3FB1-46F2-A831-8310A5A658F0}.Debug|Any CPU.Build.0 = Debug|Any CPU
		{689AF5D9-3FB1-46F2-A831-8310A5A658F0}.Release|Any CPU.ActiveCfg = Release|Any CPU
		{689AF5D9-3FB1-46F2-A831-8310A5A658F0}.Release|Any CPU.Build.0 = Release|Any CPU
		{69E29A76-F65D-43F4-8542-67A64B2BD6AA}.Debug|Any CPU.ActiveCfg = Debug|Any CPU
		{69E29A76-F65D-43F4-8542-67A64B2BD6AA}.Debug|Any CPU.Build.0 = Debug|Any CPU
		{69E29A76-F65D-43F4-8542-67A64B2BD6AA}.Release|Any CPU.ActiveCfg = Release|Any CPU
		{69E29A76-F65D-43F4-8542-67A64B2BD6AA}.Release|Any CPU.Build.0 = Release|Any CPU
		{4E0B10CD-1278-4607-AB13-AAC93A0C5499}.Debug|Any CPU.ActiveCfg = Debug|Any CPU
		{4E0B10CD-1278-4607-AB13-AAC93A0C5499}.Debug|Any CPU.Build.0 = Debug|Any CPU
		{4E0B10CD-1278-4607-AB13-AAC93A0C5499}.Release|Any CPU.ActiveCfg = Release|Any CPU
		{4E0B10CD-1278-4607-AB13-AAC93A0C5499}.Release|Any CPU.Build.0 = Release|Any CPU
		{C6EC3484-B2AA-472C-8F26-12B262FA0378}.Debug|Any CPU.ActiveCfg = Debug|Any CPU
		{C6EC3484-B2AA-472C-8F26-12B262FA0378}.Debug|Any CPU.Build.0 = Debug|Any CPU
		{C6EC3484-B2AA-472C-8F26-12B262FA0378}.Release|Any CPU.ActiveCfg = Release|Any CPU
		{C6EC3484-B2AA-472C-8F26-12B262FA0378}.Release|Any CPU.Build.0 = Release|Any CPU
		{F4A055AF-5CB0-42A4-ACB4-3F410EA778CC}.Debug|Any CPU.ActiveCfg = Debug|Any CPU
		{F4A055AF-5CB0-42A4-ACB4-3F410EA778CC}.Debug|Any CPU.Build.0 = Debug|Any CPU
		{F4A055AF-5CB0-42A4-ACB4-3F410EA778CC}.Release|Any CPU.ActiveCfg = Release|Any CPU
		{F4A055AF-5CB0-42A4-ACB4-3F410EA778CC}.Release|Any CPU.Build.0 = Release|Any CPU
		{D7F3FE33-9CC7-4D47-A2B4-267830925ED1}.Debug|Any CPU.ActiveCfg = Debug|Any CPU
		{D7F3FE33-9CC7-4D47-A2B4-267830925ED1}.Debug|Any CPU.Build.0 = Debug|Any CPU
		{D7F3FE33-9CC7-4D47-A2B4-267830925ED1}.Release|Any CPU.ActiveCfg = Release|Any CPU
		{D7F3FE33-9CC7-4D47-A2B4-267830925ED1}.Release|Any CPU.Build.0 = Release|Any CPU
		{F7D1427C-2FAF-4B64-A495-3BB2900D04C3}.Debug|Any CPU.ActiveCfg = Debug|Any CPU
		{F7D1427C-2FAF-4B64-A495-3BB2900D04C3}.Debug|Any CPU.Build.0 = Debug|Any CPU
		{F7D1427C-2FAF-4B64-A495-3BB2900D04C3}.Release|Any CPU.ActiveCfg = Release|Any CPU
		{F7D1427C-2FAF-4B64-A495-3BB2900D04C3}.Release|Any CPU.Build.0 = Release|Any CPU
		{33BA056B-B937-4575-A524-B563DBAC5FC0}.Debug|Any CPU.ActiveCfg = Debug|Any CPU
		{33BA056B-B937-4575-A524-B563DBAC5FC0}.Debug|Any CPU.Build.0 = Debug|Any CPU
		{33BA056B-B937-4575-A524-B563DBAC5FC0}.Release|Any CPU.ActiveCfg = Release|Any CPU
		{33BA056B-B937-4575-A524-B563DBAC5FC0}.Release|Any CPU.Build.0 = Release|Any CPU
	EndGlobalSection
	GlobalSection(SolutionProperties) = preSolution
		HideSolutionNode = FALSE
	EndGlobalSection
	GlobalSection(NestedProjects) = preSolution
		{1F7E218A-8FE6-4AB5-ACD5-8373766FB110} = {E4BFDCDE-6C22-4880-B3AF-8EDF18ACCC0C}
		{E623CCD6-9B60-4671-9461-16FDE58FFB13} = {1F7E218A-8FE6-4AB5-ACD5-8373766FB110}
		{71ABFB7A-C1F6-4797-8D7C-6449C622BBDD} = {E4BFDCDE-6C22-4880-B3AF-8EDF18ACCC0C}
		{105CB1EB-9750-4C78-A9A5-AD71AA620D7E} = {71ABFB7A-C1F6-4797-8D7C-6449C622BBDD}
		{19DA05F0-35BF-4EDF-B7EA-285E78805732} = {E4BFDCDE-6C22-4880-B3AF-8EDF18ACCC0C}
		{EAC0E9F4-0721-402B-B67A-9CE4816DAA0E} = {19DA05F0-35BF-4EDF-B7EA-285E78805732}
		{E47BA5BB-88E9-4DE1-B723-289F48195310} = {19DA05F0-35BF-4EDF-B7EA-285E78805732}
		{7E9AD9C3-09C3-4848-9916-73D4994DA75D} = {19DA05F0-35BF-4EDF-B7EA-285E78805732}
		{D3BF7870-1826-4CF9-A99F-AFAB31FF8778} = {EAC0E9F4-0721-402B-B67A-9CE4816DAA0E}
		{3D4087EE-4E5D-43B4-A868-5118A85E6815} = {EAC0E9F4-0721-402B-B67A-9CE4816DAA0E}
		{51FFAE12-4804-4E8E-B6C4-DE24C7085C70} = {E47BA5BB-88E9-4DE1-B723-289F48195310}
		{4333BA1A-FC03-40E3-B7EE-E0BB98057B8A} = {7E9AD9C3-09C3-4848-9916-73D4994DA75D}
		{689AF5D9-3FB1-46F2-A831-8310A5A658F0} = {CA0FC33F-A61C-441C-A6B5-D35A8BE0576A}
		{FD822888-600E-46FF-AE71-61696CA38212} = {E4BFDCDE-6C22-4880-B3AF-8EDF18ACCC0C}
		{69E29A76-F65D-43F4-8542-67A64B2BD6AA} = {FD822888-600E-46FF-AE71-61696CA38212}
		{4E0B10CD-1278-4607-AB13-AAC93A0C5499} = {FD822888-600E-46FF-AE71-61696CA38212}
		{C6EC3484-B2AA-472C-8F26-12B262FA0378} = {FD822888-600E-46FF-AE71-61696CA38212}
		{F4A055AF-5CB0-42A4-ACB4-3F410EA778CC} = {FD822888-600E-46FF-AE71-61696CA38212}
		{D7F3FE33-9CC7-4D47-A2B4-267830925ED1} = {FD822888-600E-46FF-AE71-61696CA38212}
		{F708444D-8453-4B27-BA42-F16D471364F5} = {E4BFDCDE-6C22-4880-B3AF-8EDF18ACCC0C}
		{F7D1427C-2FAF-4B64-A495-3BB2900D04C3} = {F708444D-8453-4B27-BA42-F16D471364F5}
		{33BA056B-B937-4575-A524-B563DBAC5FC0} = {09424367-A52A-4CF1-9190-ADBECDA7C824}
	EndGlobalSection
	GlobalSection(ExtensibilityGlobals) = postSolution
		SolutionGuid = {F57F472F-C2DB-4AFD-A35F-622FB4367938}
	EndGlobalSection
EndGlobal
