
Microsoft Visual Studio Solution File, Format Version 12.00
# Visual Studio Version 17
VisualStudioVersion = 17.7.34202.233
MinimumVisualStudioVersion = 10.0.40219.1
Project("{2150E333-8FDC-42A3-9474-1A3956D46DE8}") = "Services", "Services", "{E4BFDCDE-6C22-4880-B3AF-8EDF18ACCC0C}"
EndProject
Project("{2150E333-8FDC-42A3-9474-1A3956D46DE8}") = "Catalog", "Catalog", "{1F7E218A-8FE6-4AB5-ACD5-8373766FB110}"
EndProject
Project("{9A19103F-16F7-4668-BE54-9A1E7A4F7556}") = "MultiShop.Catalog", "Services\Catalog\MultiShop.Catalog\MultiShop.Catalog.csproj", "{E623CCD6-9B60-4671-9461-16FDE58FFB13}"
EndProject
Project("{2150E333-8FDC-42A3-9474-1A3956D46DE8}") = "Discount", "Discount", "{71ABFB7A-C1F6-4797-8D7C-6449C622BBDD}"
EndProject
Project("{FAE04EC0-301F-11D3-BF4B-00C04F79EFBC}") = "MultiShop.Discount", "Services\Discount\MultiShop.Discount\MultiShop.Discount.csproj", "{105CB1EB-9750-4C78-A9A5-AD71AA620D7E}"
EndProject
Global
	GlobalSection(SolutionConfigurationPlatforms) = preSolution
		Debug|Any CPU = Debug|Any CPU
		Release|Any CPU = Release|Any CPU
	EndGlobalSection
	GlobalSection(ProjectConfigurationPlatforms) = postSolution
		{E623CCD6-9B60-4671-9461-16FDE58FFB13}.Debug|Any CPU.ActiveCfg = Debug|Any CPU
		{E623CCD6-9B60-4671-9461-16FDE58FFB13}.Debug|Any CPU.Build.0 = Debug|Any CPU
		{E623CCD6-9B60-4671-9461-16FDE58FFB13}.Release|Any CPU.ActiveCfg = Release|Any CPU
		{E623CCD6-9B60-4671-9461-16FDE58FFB13}.Release|Any CPU.Build.0 = Release|Any CPU
		{105CB1EB-9750-4C78-A9A5-AD71AA620D7E}.Debug|Any CPU.ActiveCfg = Debug|Any CPU
		{105CB1EB-9750-4C78-A9A5-AD71AA620D7E}.Debug|Any CPU.Build.0 = Debug|Any CPU
		{105CB1EB-9750-4C78-A9A5-AD71AA620D7E}.Release|Any CPU.ActiveCfg = Release|Any CPU
		{105CB1EB-9750-4C78-A9A5-AD71AA620D7E}.Release|Any CPU.Build.0 = Release|Any CPU
	EndGlobalSection
	GlobalSection(SolutionProperties) = preSolution
		HideSolutionNode = FALSE
	EndGlobalSection
	GlobalSection(NestedProjects) = preSolution
		{1F7E218A-8FE6-4AB5-ACD5-8373766FB110} = {E4BFDCDE-6C22-4880-B3AF-8EDF18ACCC0C}
		{E623CCD6-9B60-4671-9461-16FDE58FFB13} = {1F7E218A-8FE6-4AB5-ACD5-8373766FB110}
		{71ABFB7A-C1F6-4797-8D7C-6449C622BBDD} = {E4BFDCDE-6C22-4880-B3AF-8EDF18ACCC0C}
		{105CB1EB-9750-4C78-A9A5-AD71AA620D7E} = {71ABFB7A-C1F6-4797-8D7C-6449C622BBDD}
	EndGlobalSection
	GlobalSection(ExtensibilityGlobals) = postSolution
		SolutionGuid = {F57F472F-C2DB-4AFD-A35F-622FB4367938}
	EndGlobalSection
EndGlobal
